
Microsoft Visual Studio Solution File, Format Version 12.00
# Visual Studio Version 17
VisualStudioVersion = 17.5.002.0
MinimumVisualStudioVersion = 10.0.40219.1
Project("{9A19103F-16F7-4668-BE54-9A1E7A4F7556}") = "Keepr", "Keepr.csproj", "{6E1707F8-3D31-4944-8588-1C0C954E3CC0}"
EndProject
Global
	GlobalSection(SolutionConfigurationPlatforms) = preSolution
		Debug|Any CPU = Debug|Any CPU
		Release|Any CPU = Release|Any CPU
	EndGlobalSection
	GlobalSection(ProjectConfigurationPlatforms) = postSolution
		{6E1707F8-3D31-4944-8588-1C0C954E3CC0}.Debug|Any CPU.ActiveCfg = Debug|Any CPU
		{6E1707F8-3D31-4944-8588-1C0C954E3CC0}.Debug|Any CPU.Build.0 = Debug|Any CPU
		{6E1707F8-3D31-4944-8588-1C0C954E3CC0}.Release|Any CPU.ActiveCfg = Release|Any CPU
		{6E1707F8-3D31-4944-8588-1C0C954E3CC0}.Release|Any CPU.Build.0 = Release|Any CPU
	EndGlobalSection
	GlobalSection(SolutionProperties) = preSolution
		HideSolutionNode = FALSE
	EndGlobalSection
	GlobalSection(ExtensibilityGlobals) = postSolution
		SolutionGuid = {7C9F8CF2-022C-4A7E-A939-2A7200D00F7B}
	EndGlobalSection
EndGlobal
